// !$*UTF8*$!
{
	archiveVersion = 1;
	classes = {
	};
	objectVersion = 56;
	objects = {

/* Begin PBXBuildFile section */
		A1000001 /* AppDelegate.swift in Sources */ = {isa = PBXBuildFile; fileRef = A1000010 /* AppDelegate.swift */; };
		A1000002 /* Assets.xcassets in Resources */ = {isa = PBXBuildFile; fileRef = A1000011 /* Assets.xcassets */; };
		A1000003 /* WhippetTests.swift in Sources */ = {isa = PBXBuildFile; fileRef = A1000020 /* WhippetTests.swift */; };
		A1000004 /* DatabaseManager.swift in Sources */ = {isa = PBXBuildFile; fileRef = A1000014 /* DatabaseManager.swift */; };
		A1000005 /* Models.swift in Sources */ = {isa = PBXBuildFile; fileRef = A1000015 /* Models.swift */; };
		A1000006 /* DatabaseManagerTests.swift in Sources */ = {isa = PBXBuildFile; fileRef = A1000021 /* DatabaseManagerTests.swift */; };
		A1000007 /* EventIngestionManager.swift in Sources */ = {isa = PBXBuildFile; fileRef = A1000016 /* EventIngestionManager.swift */; };
		A1000008 /* EventFile.swift in Sources */ = {isa = PBXBuildFile; fileRef = A1000017 /* EventFile.swift */; };
		A1000009 /* EventIngestionManagerTests.swift in Sources */ = {isa = PBXBuildFile; fileRef = A1000022 /* EventIngestionManagerTests.swift */; };
		A100000A /* HookInstaller.swift in Sources */ = {isa = PBXBuildFile; fileRef = A1000018 /* HookInstaller.swift */; };
		A100000B /* HookInstallerTests.swift in Sources */ = {isa = PBXBuildFile; fileRef = A1000023 /* HookInstallerTests.swift */; };
		A100000C /* SessionPanel.swift in Sources */ = {isa = PBXBuildFile; fileRef = A1000030 /* SessionPanel.swift */; };
		A100000D /* SessionContentView.swift in Sources */ = {isa = PBXBuildFile; fileRef = A1000031 /* SessionContentView.swift */; };
		A100000E /* SessionPanelController.swift in Sources */ = {isa = PBXBuildFile; fileRef = A1000032 /* SessionPanelController.swift */; };
		A100000F /* SessionPanelControllerTests.swift in Sources */ = {isa = PBXBuildFile; fileRef = A1000024 /* SessionPanelControllerTests.swift */; };
		A1000100 /* SessionListViewModel.swift in Sources */ = {isa = PBXBuildFile; fileRef = A1000033 /* SessionListViewModel.swift */; };
		A1000101 /* SessionListViewModelTests.swift in Sources */ = {isa = PBXBuildFile; fileRef = A1000025 /* SessionListViewModelTests.swift */; };
/* End PBXBuildFile section */

/* Begin PBXContainerItemProxy section */
		A1000040 /* PBXContainerItemProxy */ = {
			isa = PBXContainerItemProxy;
			containerPortal = A1000099 /* Project object */;
			proxyType = 1;
			remoteGlobalIDString = A1000050;
			remoteInfo = Whippet;
		};
/* End PBXContainerItemProxy section */

/* Begin PBXFileReference section */
		A1000010 /* AppDelegate.swift */ = {isa = PBXFileReference; lastKnownFileType = sourcecode.swift; path = AppDelegate.swift; sourceTree = "<group>"; };
		A1000011 /* Assets.xcassets */ = {isa = PBXFileReference; lastKnownFileType = folder.assetcatalog; path = Assets.xcassets; sourceTree = "<group>"; };
		A1000012 /* Info.plist */ = {isa = PBXFileReference; lastKnownFileType = text.plist.xml; path = Info.plist; sourceTree = "<group>"; };
		A1000013 /* Whippet.entitlements */ = {isa = PBXFileReference; lastKnownFileType = text.plist.entitlements; path = Whippet.entitlements; sourceTree = "<group>"; };
		A1000014 /* DatabaseManager.swift */ = {isa = PBXFileReference; lastKnownFileType = sourcecode.swift; path = DatabaseManager.swift; sourceTree = "<group>"; };
		A1000015 /* Models.swift */ = {isa = PBXFileReference; lastKnownFileType = sourcecode.swift; path = Models.swift; sourceTree = "<group>"; };
		A1000020 /* WhippetTests.swift */ = {isa = PBXFileReference; lastKnownFileType = sourcecode.swift; path = WhippetTests.swift; sourceTree = "<group>"; };
		A1000021 /* DatabaseManagerTests.swift */ = {isa = PBXFileReference; lastKnownFileType = sourcecode.swift; path = DatabaseManagerTests.swift; sourceTree = "<group>"; };
		A1000016 /* EventIngestionManager.swift */ = {isa = PBXFileReference; lastKnownFileType = sourcecode.swift; path = EventIngestionManager.swift; sourceTree = "<group>"; };
		A1000017 /* EventFile.swift */ = {isa = PBXFileReference; lastKnownFileType = sourcecode.swift; path = EventFile.swift; sourceTree = "<group>"; };
		A1000022 /* EventIngestionManagerTests.swift */ = {isa = PBXFileReference; lastKnownFileType = sourcecode.swift; path = EventIngestionManagerTests.swift; sourceTree = "<group>"; };
		A1000018 /* HookInstaller.swift */ = {isa = PBXFileReference; lastKnownFileType = sourcecode.swift; path = HookInstaller.swift; sourceTree = "<group>"; };
		A1000023 /* HookInstallerTests.swift */ = {isa = PBXFileReference; lastKnownFileType = sourcecode.swift; path = HookInstallerTests.swift; sourceTree = "<group>"; };
		A1000024 /* SessionPanelControllerTests.swift */ = {isa = PBXFileReference; lastKnownFileType = sourcecode.swift; path = SessionPanelControllerTests.swift; sourceTree = "<group>"; };
		A1000025 /* SessionListViewModelTests.swift */ = {isa = PBXFileReference; lastKnownFileType = sourcecode.swift; path = SessionListViewModelTests.swift; sourceTree = "<group>"; };
		A1000030 /* SessionPanel.swift */ = {isa = PBXFileReference; lastKnownFileType = sourcecode.swift; path = SessionPanel.swift; sourceTree = "<group>"; };
		A1000031 /* SessionContentView.swift */ = {isa = PBXFileReference; lastKnownFileType = sourcecode.swift; path = SessionContentView.swift; sourceTree = "<group>"; };
		A1000032 /* SessionPanelController.swift */ = {isa = PBXFileReference; lastKnownFileType = sourcecode.swift; path = SessionPanelController.swift; sourceTree = "<group>"; };
		A1000033 /* SessionListViewModel.swift */ = {isa = PBXFileReference; lastKnownFileType = sourcecode.swift; path = SessionListViewModel.swift; sourceTree = "<group>"; };
		A1000051 /* Whippet.app */ = {isa = PBXFileReference; explicitFileType = wrapper.application; includeInIndex = 0; path = Whippet.app; sourceTree = BUILT_PRODUCTS_DIR; };
		A1000061 /* WhippetTests.xctest */ = {isa = PBXFileReference; explicitFileType = wrapper.cfbundle; includeInIndex = 0; path = WhippetTests.xctest; sourceTree = BUILT_PRODUCTS_DIR; };
/* End PBXFileReference section */

/* Begin PBXFrameworksBuildPhase section */
		A1000070 /* Frameworks */ = {
			isa = PBXFrameworksBuildPhase;
			buildActionMask = 2147483647;
			files = (
			);
			runOnlyForDeploymentPostprocessing = 0;
		};
		A1000071 /* Frameworks */ = {
			isa = PBXFrameworksBuildPhase;
			buildActionMask = 2147483647;
			files = (
			);
			runOnlyForDeploymentPostprocessing = 0;
		};
/* End PBXFrameworksBuildPhase section */

/* Begin PBXGroup section */
		A1000080 = {
			isa = PBXGroup;
			children = (
				A1000081 /* Whippet */,
				A1000082 /* WhippetTests */,
				A1000083 /* Products */,
			);
			sourceTree = "<group>";
		};
		A1000081 /* Whippet */ = {
			isa = PBXGroup;
			children = (
				A1000010 /* AppDelegate.swift */,
				A1000084 /* Database */,
				A1000086 /* Hooks */,
				A1000085 /* Ingestion */,
				A1000087 /* Window */,
				A1000011 /* Assets.xcassets */,
				A1000012 /* Info.plist */,
				A1000013 /* Whippet.entitlements */,
			);
			path = Whippet;
			sourceTree = "<group>";
		};
		A1000082 /* WhippetTests */ = {
			isa = PBXGroup;
			children = (
				A1000020 /* WhippetTests.swift */,
				A1000021 /* DatabaseManagerTests.swift */,
				A1000022 /* EventIngestionManagerTests.swift */,
				A1000023 /* HookInstallerTests.swift */,
				A1000024 /* SessionPanelControllerTests.swift */,
				A1000025 /* SessionListViewModelTests.swift */,
			);
			path = WhippetTests;
			sourceTree = "<group>";
		};
		A1000084 /* Database */ = {
			isa = PBXGroup;
			children = (
				A1000014 /* DatabaseManager.swift */,
				A1000015 /* Models.swift */,
			);
			path = Database;
			sourceTree = "<group>";
		};
		A1000085 /* Ingestion */ = {
			isa = PBXGroup;
			children = (
				A1000016 /* EventIngestionManager.swift */,
				A1000017 /* EventFile.swift */,
			);
			path = Ingestion;
			sourceTree = "<group>";
		};
		A1000086 /* Hooks */ = {
			isa = PBXGroup;
			children = (
				A1000018 /* HookInstaller.swift */,
			);
			path = Hooks;
			sourceTree = "<group>";
		};
		A1000087 /* Window */ = {
			isa = PBXGroup;
			children = (
				A1000030 /* SessionPanel.swift */,
				A1000031 /* SessionContentView.swift */,
				A1000032 /* SessionPanelController.swift */,
				A1000033 /* SessionListViewModel.swift */,
			);
			path = Window;
			sourceTree = "<group>";
		};
		A1000083 /* Products */ = {
			isa = PBXGroup;
			children = (
				A1000051 /* Whippet.app */,
				A1000061 /* WhippetTests.xctest */,
			);
			name = Products;
			sourceTree = "<group>";
		};
/* End PBXGroup section */

/* Begin PBXNativeTarget section */
		A1000050 /* Whippet */ = {
			isa = PBXNativeTarget;
			buildConfigurationList = A1000090 /* Build configuration list for PBXNativeTarget "Whippet" */;
			buildPhases = (
				A1000072 /* Sources */,
				A1000070 /* Frameworks */,
				A1000073 /* Resources */,
			);
			buildRules = (
			);
			dependencies = (
			);
			name = Whippet;
			productName = Whippet;
			productReference = A1000051 /* Whippet.app */;
			productType = "com.apple.product-type.application";
		};
		A1000060 /* WhippetTests */ = {
			isa = PBXNativeTarget;
			buildConfigurationList = A1000091 /* Build configuration list for PBXNativeTarget "WhippetTests" */;
			buildPhases = (
				A1000074 /* Sources */,
				A1000071 /* Frameworks */,
			);
			buildRules = (
			);
			dependencies = (
				A1000041 /* PBXTargetDependency */,
			);
			name = WhippetTests;
			productName = WhippetTests;
			productReference = A1000061 /* WhippetTests.xctest */;
			productType = "com.apple.product-type.bundle.unit-test";
		};
/* End PBXNativeTarget section */

/* Begin PBXProject section */
		A1000099 /* Project object */ = {
			isa = PBXProject;
			attributes = {
				BuildIndependentTargetsInParallel = 1;
				LastSwiftUpdateCheck = 1540;
				LastUpgradeCheck = 1540;
				TargetAttributes = {
					A1000050 = {
						CreatedOnToolsVersion = 15.4;
					};
					A1000060 = {
						CreatedOnToolsVersion = 15.4;
						TestTargetID = A1000050;
					};
				};
			};
			buildConfigurationList = A1000092 /* Build configuration list for PBXProject "Whippet" */;
			compatibilityVersion = "Xcode 14.0";
			developmentRegion = en;
			hasScannedForEncodings = 0;
			knownRegions = (
				en,
				Base,
			);
			mainGroup = A1000080;
			productRefGroup = A1000083 /* Products */;
			projectDirPath = "";
			projectRoot = "";
			targets = (
				A1000050 /* Whippet */,
				A1000060 /* WhippetTests */,
			);
		};
/* End PBXProject section */

/* Begin PBXResourcesBuildPhase section */
		A1000073 /* Resources */ = {
			isa = PBXResourcesBuildPhase;
			buildActionMask = 2147483647;
			files = (
				A1000002 /* Assets.xcassets in Resources */,
			);
			runOnlyForDeploymentPostprocessing = 0;
		};
/* End PBXResourcesBuildPhase section */

/* Begin PBXSourcesBuildPhase section */
		A1000072 /* Sources */ = {
			isa = PBXSourcesBuildPhase;
			buildActionMask = 2147483647;
			files = (
				A1000001 /* AppDelegate.swift in Sources */,
				A1000004 /* DatabaseManager.swift in Sources */,
				A1000005 /* Models.swift in Sources */,
				A1000007 /* EventIngestionManager.swift in Sources */,
				A1000008 /* EventFile.swift in Sources */,
				A100000A /* HookInstaller.swift in Sources */,
				A100000C /* SessionPanel.swift in Sources */,
				A100000D /* SessionContentView.swift in Sources */,
				A100000E /* SessionPanelController.swift in Sources */,
				A1000100 /* SessionListViewModel.swift in Sources */,
			);
			runOnlyForDeploymentPostprocessing = 0;
		};
		A1000074 /* Sources */ = {
			isa = PBXSourcesBuildPhase;
			buildActionMask = 2147483647;
			files = (
				A1000003 /* WhippetTests.swift in Sources */,
				A1000006 /* DatabaseManagerTests.swift in Sources */,
				A1000009 /* EventIngestionManagerTests.swift in Sources */,
				A100000B /* HookInstallerTests.swift in Sources */,
				A100000F /* SessionPanelControllerTests.swift in Sources */,
				A1000101 /* SessionListViewModelTests.swift in Sources */,
			);
			runOnlyForDeploymentPostprocessing = 0;
		};
/* End PBXSourcesBuildPhase section */

/* Begin PBXTargetDependency section */
		A1000041 /* PBXTargetDependency */ = {
			isa = PBXTargetDependency;
			target = A1000050 /* Whippet */;
			targetProxy = A1000040 /* PBXContainerItemProxy */;
		};
/* End PBXTargetDependency section */

/* Begin XCBuildConfiguration section */
		A10000A0 /* Debug */ = {
			isa = XCBuildConfiguration;
			buildSettings = {
				ALWAYS_SEARCH_USER_PATHS = NO;
				ASSETCATALOG_COMPILER_GENERATE_SWIFT_ASSET_SYMBOL_EXTENSIONS = YES;
				CLANG_ANALYZER_NONNULL = YES;
				CLANG_ANALYZER_NUMBER_OBJECT_CONVERSION = YES_AGGRESSIVE;
				CLANG_CXX_LANGUAGE_STANDARD = "gnu++20";
				CLANG_ENABLE_MODULES = YES;
				CLANG_ENABLE_OBJC_ARC = YES;
				CLANG_ENABLE_OBJC_WEAK = YES;
				CLANG_WARN_BLOCK_CAPTURE_AUTORELEASING = YES;
				CLANG_WARN_BOOL_CONVERSION = YES;
				CLANG_WARN_COMMA = YES;
				CLANG_WARN_CONSTANT_CONVERSION = YES;
				CLANG_WARN_DEPRECATED_OBJC_IMPLEMENTATIONS = YES;
				CLANG_WARN_DIRECT_OBJC_ISA_USAGE = YES_ERROR;
				CLANG_WARN_DOCUMENTATION_COMMENTS = YES;
				CLANG_WARN_EMPTY_BODY = YES;
				CLANG_WARN_ENUM_CONVERSION = YES;
				CLANG_WARN_INFINITE_RECURSION = YES;
				CLANG_WARN_INT_CONVERSION = YES;
				CLANG_WARN_NON_LITERAL_NULL_CONVERSION = YES;
				CLANG_WARN_OBJC_IMPLICIT_RETAIN_SELF = YES;
				CLANG_WARN_OBJC_LITERAL_CONVERSION = YES;
				CLANG_WARN_OBJC_ROOT_CLASS = YES_ERROR;
				CLANG_WARN_QUOTED_INCLUDE_IN_FRAMEWORK_HEADER = YES;
				CLANG_WARN_RANGE_LOOP_ANALYSIS = YES;
				CLANG_WARN_STRICT_PROTOTYPES = YES;
				CLANG_WARN_SUSPICIOUS_MOVE = YES;
				CLANG_WARN_UNGUARDED_AVAILABILITY = YES_AGGRESSIVE;
				CLANG_WARN_UNREACHABLE_CODE = YES;
				CLANG_WARN__DUPLICATE_METHOD_MATCH = YES;
				COPY_PHASE_STRIP = NO;
				DEBUG_INFORMATION_FORMAT = dwarf;
				ENABLE_STRICT_OBJC_MSGSEND = YES;
				ENABLE_TESTABILITY = YES;
				ENABLE_USER_SCRIPT_SANDBOXING = YES;
				GCC_C_LANGUAGE_STANDARD = gnu17;
				GCC_DYNAMIC_NO_PIC = NO;
				GCC_NO_COMMON_BLOCKS = YES;
				GCC_OPTIMIZATION_LEVEL = 0;
				GCC_PREPROCESSOR_DEFINITIONS = (
					"DEBUG=1",
					"$(inherited)",
				);
				GCC_WARN_64_TO_32_BIT_CONVERSION = YES;
				GCC_WARN_ABOUT_RETURN_TYPE = YES_ERROR;
				GCC_WARN_UNDECLARED_SELECTOR = YES;
				GCC_WARN_UNINITIALIZED_AUTOS = YES_AGGRESSIVE;
				GCC_WARN_UNUSED_FUNCTION = YES;
				GCC_WARN_UNUSED_VARIABLE = YES;
				MACOSX_DEPLOYMENT_TARGET = 14.0;
				MTL_ENABLE_DEBUG_INFO = INCLUDE_SOURCE;
				MTL_FAST_MATH = YES;
				ONLY_ACTIVE_ARCH = YES;
				SDKROOT = macosx;
				SWIFT_ACTIVE_COMPILATION_CONDITIONS = "DEBUG $(inherited)";
				SWIFT_OPTIMIZATION_LEVEL = "-Onone";
			};
			name = Debug;
		};
		A10000A1 /* Release */ = {
			isa = XCBuildConfiguration;
			buildSettings = {
				ALWAYS_SEARCH_USER_PATHS = NO;
				ASSETCATALOG_COMPILER_GENERATE_SWIFT_ASSET_SYMBOL_EXTENSIONS = YES;
				CLANG_ANALYZER_NONNULL = YES;
				CLANG_ANALYZER_NUMBER_OBJECT_CONVERSION = YES_AGGRESSIVE;
				CLANG_CXX_LANGUAGE_STANDARD = "gnu++20";
				CLANG_ENABLE_MODULES = YES;
				CLANG_ENABLE_OBJC_ARC = YES;
				CLANG_ENABLE_OBJC_WEAK = YES;
				CLANG_WARN_BLOCK_CAPTURE_AUTORELEASING = YES;
				CLANG_WARN_BOOL_CONVERSION = YES;
				CLANG_WARN_COMMA = YES;
				CLANG_WARN_CONSTANT_CONVERSION = YES;
				CLANG_WARN_DEPRECATED_OBJC_IMPLEMENTATIONS = YES;
				CLANG_WARN_DIRECT_OBJC_ISA_USAGE = YES_ERROR;
				CLANG_WARN_DOCUMENTATION_COMMENTS = YES;
				CLANG_WARN_EMPTY_BODY = YES;
				CLANG_WARN_ENUM_CONVERSION = YES;
				CLANG_WARN_INFINITE_RECURSION = YES;
				CLANG_WARN_INT_CONVERSION = YES;
				CLANG_WARN_NON_LITERAL_NULL_CONVERSION = YES;
				CLANG_WARN_OBJC_IMPLICIT_RETAIN_SELF = YES;
				CLANG_WARN_OBJC_LITERAL_CONVERSION = YES;
				CLANG_WARN_OBJC_ROOT_CLASS = YES_ERROR;
				CLANG_WARN_QUOTED_INCLUDE_IN_FRAMEWORK_HEADER = YES;
				CLANG_WARN_RANGE_LOOP_ANALYSIS = YES;
				CLANG_WARN_STRICT_PROTOTYPES = YES;
				CLANG_WARN_SUSPICIOUS_MOVE = YES;
				CLANG_WARN_UNGUARDED_AVAILABILITY = YES_AGGRESSIVE;
				CLANG_WARN_UNREACHABLE_CODE = YES;
				CLANG_WARN__DUPLICATE_METHOD_MATCH = YES;
				COPY_PHASE_STRIP = NO;
				DEBUG_INFORMATION_FORMAT = "dwarf-with-dsym";
				ENABLE_NS_ASSERTIONS = NO;
				ENABLE_STRICT_OBJC_MSGSEND = YES;
				ENABLE_USER_SCRIPT_SANDBOXING = YES;
				GCC_C_LANGUAGE_STANDARD = gnu17;
				GCC_NO_COMMON_BLOCKS = YES;
				GCC_WARN_64_TO_32_BIT_CONVERSION = YES;
				GCC_WARN_ABOUT_RETURN_TYPE = YES_ERROR;
				GCC_WARN_UNDECLARED_SELECTOR = YES;
				GCC_WARN_UNINITIALIZED_AUTOS = YES_AGGRESSIVE;
				GCC_WARN_UNUSED_FUNCTION = YES;
				GCC_WARN_UNUSED_VARIABLE = YES;
				MACOSX_DEPLOYMENT_TARGET = 14.0;
				MTL_ENABLE_DEBUG_INFO = NO;
				MTL_FAST_MATH = YES;
				SDKROOT = macosx;
				SWIFT_COMPILATION_MODE = wholemodule;
			};
			name = Release;
		};
		A10000B0 /* Debug */ = {
			isa = XCBuildConfiguration;
			buildSettings = {
				ASSETCATALOG_COMPILER_APPICON_NAME = AppIcon;
				CODE_SIGN_ENTITLEMENTS = Whippet/Whippet.entitlements;
				CODE_SIGN_STYLE = Automatic;
				COMBINE_HIDPI_IMAGES = YES;
				CURRENT_PROJECT_VERSION = 1;
				GENERATE_INFOPLIST_FILE = NO;
				INFOPLIST_FILE = Whippet/Info.plist;
				LD_RUNPATH_SEARCH_PATHS = (
					"$(inherited)",
					"@executable_path/../Frameworks",
				);
				MARKETING_VERSION = 0.1.0;
				PRODUCT_BUNDLE_IDENTIFIER = com.mikefullerton.Whippet;
				PRODUCT_NAME = "$(TARGET_NAME)";
				SWIFT_EMIT_LOC_STRINGS = YES;
				SWIFT_VERSION = 5.0;
			};
			name = Debug;
		};
		A10000B1 /* Release */ = {
			isa = XCBuildConfiguration;
			buildSettings = {
				ASSETCATALOG_COMPILER_APPICON_NAME = AppIcon;
				CODE_SIGN_ENTITLEMENTS = Whippet/Whippet.entitlements;
				CODE_SIGN_STYLE = Automatic;
				COMBINE_HIDPI_IMAGES = YES;
				CURRENT_PROJECT_VERSION = 1;
				GENERATE_INFOPLIST_FILE = NO;
				INFOPLIST_FILE = Whippet/Info.plist;
				LD_RUNPATH_SEARCH_PATHS = (
					"$(inherited)",
					"@executable_path/../Frameworks",
				);
				MARKETING_VERSION = 0.1.0;
				PRODUCT_BUNDLE_IDENTIFIER = com.mikefullerton.Whippet;
				PRODUCT_NAME = "$(TARGET_NAME)";
				SWIFT_EMIT_LOC_STRINGS = YES;
				SWIFT_VERSION = 5.0;
			};
			name = Release;
		};
		A10000C0 /* Debug */ = {
			isa = XCBuildConfiguration;
			buildSettings = {
				BUNDLE_LOADER = "$(TEST_HOST)";
				CODE_SIGN_STYLE = Automatic;
				CURRENT_PROJECT_VERSION = 1;
				GENERATE_INFOPLIST_FILE = YES;
				MACOSX_DEPLOYMENT_TARGET = 14.0;
				MARKETING_VERSION = 1.0;
				PRODUCT_BUNDLE_IDENTIFIER = com.mikefullerton.WhippetTests;
				PRODUCT_NAME = "$(TARGET_NAME)";
				SWIFT_EMIT_LOC_STRINGS = NO;
				SWIFT_VERSION = 5.0;
				TEST_HOST = "$(BUILT_PRODUCTS_DIR)/Whippet.app/Contents/MacOS/Whippet";
			};
			name = Debug;
		};
		A10000C1 /* Release */ = {
			isa = XCBuildConfiguration;
			buildSettings = {
				BUNDLE_LOADER = "$(TEST_HOST)";
				CODE_SIGN_STYLE = Automatic;
				CURRENT_PROJECT_VERSION = 1;
				GENERATE_INFOPLIST_FILE = YES;
				MACOSX_DEPLOYMENT_TARGET = 14.0;
				MARKETING_VERSION = 1.0;
				PRODUCT_BUNDLE_IDENTIFIER = com.mikefullerton.WhippetTests;
				PRODUCT_NAME = "$(TARGET_NAME)";
				SWIFT_EMIT_LOC_STRINGS = NO;
				SWIFT_VERSION = 5.0;
				TEST_HOST = "$(BUILT_PRODUCTS_DIR)/Whippet.app/Contents/MacOS/Whippet";
			};
			name = Release;
		};
/* End XCBuildConfiguration section */

/* Begin XCConfigurationList section */
		A1000090 /* Build configuration list for PBXNativeTarget "Whippet" */ = {
			isa = XCConfigurationList;
			buildConfigurations = (
				A10000B0 /* Debug */,
				A10000B1 /* Release */,
			);
			defaultConfigurationIsVisible = 0;
			defaultConfigurationName = Release;
		};
		A1000091 /* Build configuration list for PBXNativeTarget "WhippetTests" */ = {
			isa = XCConfigurationList;
			buildConfigurations = (
				A10000C0 /* Debug */,
				A10000C1 /* Release */,
			);
			defaultConfigurationIsVisible = 0;
			defaultConfigurationName = Release;
		};
		A1000092 /* Build configuration list for PBXProject "Whippet" */ = {
			isa = XCConfigurationList;
			buildConfigurations = (
				A10000A0 /* Debug */,
				A10000A1 /* Release */,
			);
			defaultConfigurationIsVisible = 0;
			defaultConfigurationName = Release;
		};
/* End XCConfigurationList section */

	};
	rootObject = A1000099 /* Project object */;
}
